// !$*UTF8*$!
{
	archiveVersion = 1;
	classes = {
	};
	objectVersion = 55;
	objects = {

/* Begin PBXBuildFile section */
		8213F01327339FD300125B4C /* AppDelegate.swift in Sources */ = {isa = PBXBuildFile; fileRef = 8213F01227339FD300125B4C /* AppDelegate.swift */; };
		8213F01527339FD300125B4C /* SceneDelegate.swift in Sources */ = {isa = PBXBuildFile; fileRef = 8213F01427339FD300125B4C /* SceneDelegate.swift */; };
		8213F01727339FD300125B4C /* RepositoryListViewController.swift in Sources */ = {isa = PBXBuildFile; fileRef = 8213F01627339FD300125B4C /* RepositoryListViewController.swift */; };
		8213F01C27339FD500125B4C /* Assets.xcassets in Resources */ = {isa = PBXBuildFile; fileRef = 8213F01B27339FD500125B4C /* Assets.xcassets */; };
		8281BA7E27341524006D68C5 /* OwnerModel.swift in Sources */ = {isa = PBXBuildFile; fileRef = 8281BA7C27341524006D68C5 /* OwnerModel.swift */; };
		8281BA7F27341524006D68C5 /* RepositoriesModel.swift in Sources */ = {isa = PBXBuildFile; fileRef = 8281BA7D27341524006D68C5 /* RepositoriesModel.swift */; };
		8281BA8327341572006D68C5 /* APIServiceType.swift in Sources */ = {isa = PBXBuildFile; fileRef = 8281BA8227341572006D68C5 /* APIServiceType.swift */; };
		8281BA852734171C006D68C5 /* Paths.swift in Sources */ = {isa = PBXBuildFile; fileRef = 8281BA842734171C006D68C5 /* Paths.swift */; };
		8281BA872734184D006D68C5 /* APIService.swift in Sources */ = {isa = PBXBuildFile; fileRef = 8281BA862734184D006D68C5 /* APIService.swift */; };
		8281BA892734189B006D68C5 /* Endpoint.swift in Sources */ = {isa = PBXBuildFile; fileRef = 8281BA882734189B006D68C5 /* Endpoint.swift */; };
		8290468D2734E584005FD0AB /* RepositoryLayerType.swift in Sources */ = {isa = PBXBuildFile; fileRef = 8290468C2734E584005FD0AB /* RepositoryLayerType.swift */; };
		8290468F2734E60D005FD0AB /* RepositoryLayer.swift in Sources */ = {isa = PBXBuildFile; fileRef = 8290468E2734E60D005FD0AB /* RepositoryLayer.swift */; };
		829046912734EA11005FD0AB /* SearchResult.swift.swift in Sources */ = {isa = PBXBuildFile; fileRef = 829046902734EA11005FD0AB /* SearchResult.swift.swift */; };
		829046942734F015005FD0AB /* ViewDrawManager.swift in Sources */ = {isa = PBXBuildFile; fileRef = 829046932734F015005FD0AB /* ViewDrawManager.swift */; };
		829046962734F08E005FD0AB /* RepositoryListViewControllerManager.swift in Sources */ = {isa = PBXBuildFile; fileRef = 829046952734F08E005FD0AB /* RepositoryListViewControllerManager.swift */; };
		8290469A2734FCF3005FD0AB /* bbabba.storyboard in Resources */ = {isa = PBXBuildFile; fileRef = 829046992734FCF3005FD0AB /* bbabba.storyboard */; };
		8290469E273513DB005FD0AB /* MainTabBarController.swift in Sources */ = {isa = PBXBuildFile; fileRef = 8290469D273513DB005FD0AB /* MainTabBarController.swift */; };
		829046A027351A56005FD0AB /* LoginViewController.swift in Sources */ = {isa = PBXBuildFile; fileRef = 8290469F27351A56005FD0AB /* LoginViewController.swift */; };
		829287672735A89A00DA4077 /* ViewRatio.swift in Sources */ = {isa = PBXBuildFile; fileRef = 829287662735A89A00DA4077 /* ViewRatio.swift */; };
		829287692735B41200DA4077 /* RepositoryListCell.swift in Sources */ = {isa = PBXBuildFile; fileRef = 829287682735B41200DA4077 /* RepositoryListCell.swift */; };
		82ACC65827363C3700AAE27A /* RepositorySectionModel.swift in Sources */ = {isa = PBXBuildFile; fileRef = 82ACC65727363C3700AAE27A /* RepositorySectionModel.swift */; };
		82ACC65B2736506800AAE27A /* RepositoryListViewModel.swift in Sources */ = {isa = PBXBuildFile; fileRef = 82ACC65A2736506800AAE27A /* RepositoryListViewModel.swift */; };
		E0A7BBF840306E38D32C11D2 /* Pods_GithubApp.framework in Frameworks */ = {isa = PBXBuildFile; fileRef = 698E803A8C7671CECEE4C58F /* Pods_GithubApp.framework */; };
/* End PBXBuildFile section */

/* Begin PBXFileReference section */
		698E803A8C7671CECEE4C58F /* Pods_GithubApp.framework */ = {isa = PBXFileReference; explicitFileType = wrapper.framework; includeInIndex = 0; path = Pods_GithubApp.framework; sourceTree = BUILT_PRODUCTS_DIR; };
		6E79753AA477E06C7D856136 /* Pods-GithubApp.release.xcconfig */ = {isa = PBXFileReference; includeInIndex = 1; lastKnownFileType = text.xcconfig; name = "Pods-GithubApp.release.xcconfig"; path = "Target Support Files/Pods-GithubApp/Pods-GithubApp.release.xcconfig"; sourceTree = "<group>"; };
		8213F00F27339FD300125B4C /* GithubApp.app */ = {isa = PBXFileReference; explicitFileType = wrapper.application; includeInIndex = 0; path = GithubApp.app; sourceTree = BUILT_PRODUCTS_DIR; };
		8213F01227339FD300125B4C /* AppDelegate.swift */ = {isa = PBXFileReference; lastKnownFileType = sourcecode.swift; path = AppDelegate.swift; sourceTree = "<group>"; };
		8213F01427339FD300125B4C /* SceneDelegate.swift */ = {isa = PBXFileReference; lastKnownFileType = sourcecode.swift; path = SceneDelegate.swift; sourceTree = "<group>"; };
		8213F01627339FD300125B4C /* RepositoryListViewController.swift */ = {isa = PBXFileReference; lastKnownFileType = sourcecode.swift; path = RepositoryListViewController.swift; sourceTree = "<group>"; };
		8213F01B27339FD500125B4C /* Assets.xcassets */ = {isa = PBXFileReference; lastKnownFileType = folder.assetcatalog; path = Assets.xcassets; sourceTree = "<group>"; };
		8213F02027339FD500125B4C /* Info.plist */ = {isa = PBXFileReference; lastKnownFileType = text.plist.xml; path = Info.plist; sourceTree = "<group>"; };
		8281BA7C27341524006D68C5 /* OwnerModel.swift */ = {isa = PBXFileReference; fileEncoding = 4; lastKnownFileType = sourcecode.swift; path = OwnerModel.swift; sourceTree = "<group>"; };
		8281BA7D27341524006D68C5 /* RepositoriesModel.swift */ = {isa = PBXFileReference; fileEncoding = 4; lastKnownFileType = sourcecode.swift; path = RepositoriesModel.swift; sourceTree = "<group>"; };
		8281BA8227341572006D68C5 /* APIServiceType.swift */ = {isa = PBXFileReference; lastKnownFileType = sourcecode.swift; path = APIServiceType.swift; sourceTree = "<group>"; };
		8281BA842734171C006D68C5 /* Paths.swift */ = {isa = PBXFileReference; lastKnownFileType = sourcecode.swift; path = Paths.swift; sourceTree = "<group>"; };
		8281BA862734184D006D68C5 /* APIService.swift */ = {isa = PBXFileReference; lastKnownFileType = sourcecode.swift; path = APIService.swift; sourceTree = "<group>"; };
		8281BA882734189B006D68C5 /* Endpoint.swift */ = {isa = PBXFileReference; lastKnownFileType = sourcecode.swift; path = Endpoint.swift; sourceTree = "<group>"; };
		8290468C2734E584005FD0AB /* RepositoryLayerType.swift */ = {isa = PBXFileReference; lastKnownFileType = sourcecode.swift; path = RepositoryLayerType.swift; sourceTree = "<group>"; };
		8290468E2734E60D005FD0AB /* RepositoryLayer.swift */ = {isa = PBXFileReference; lastKnownFileType = sourcecode.swift; path = RepositoryLayer.swift; sourceTree = "<group>"; };
		829046902734EA11005FD0AB /* SearchResult.swift.swift */ = {isa = PBXFileReference; lastKnownFileType = sourcecode.swift; path = SearchResult.swift.swift; sourceTree = "<group>"; };
		829046932734F015005FD0AB /* ViewDrawManager.swift */ = {isa = PBXFileReference; lastKnownFileType = sourcecode.swift; path = ViewDrawManager.swift; sourceTree = "<group>"; };
		829046952734F08E005FD0AB /* RepositoryListViewControllerManager.swift */ = {isa = PBXFileReference; lastKnownFileType = sourcecode.swift; path = RepositoryListViewControllerManager.swift; sourceTree = "<group>"; };
		829046992734FCF3005FD0AB /* bbabba.storyboard */ = {isa = PBXFileReference; lastKnownFileType = file.storyboard; path = bbabba.storyboard; sourceTree = "<group>"; };
		8290469D273513DB005FD0AB /* MainTabBarController.swift */ = {isa = PBXFileReference; lastKnownFileType = sourcecode.swift; path = MainTabBarController.swift; sourceTree = "<group>"; };
		8290469F27351A56005FD0AB /* LoginViewController.swift */ = {isa = PBXFileReference; lastKnownFileType = sourcecode.swift; path = LoginViewController.swift; sourceTree = "<group>"; };
		829287662735A89A00DA4077 /* ViewRatio.swift */ = {isa = PBXFileReference; lastKnownFileType = sourcecode.swift; path = ViewRatio.swift; sourceTree = "<group>"; };
		829287682735B41200DA4077 /* RepositoryListCell.swift */ = {isa = PBXFileReference; lastKnownFileType = sourcecode.swift; path = RepositoryListCell.swift; sourceTree = "<group>"; };
		82ACC65727363C3700AAE27A /* RepositorySectionModel.swift */ = {isa = PBXFileReference; lastKnownFileType = sourcecode.swift; path = RepositorySectionModel.swift; sourceTree = "<group>"; };
		82ACC65A2736506800AAE27A /* RepositoryListViewModel.swift */ = {isa = PBXFileReference; lastKnownFileType = sourcecode.swift; path = RepositoryListViewModel.swift; sourceTree = "<group>"; };
		F368AB1849E3286C511066A6 /* Pods-GithubApp.debug.xcconfig */ = {isa = PBXFileReference; includeInIndex = 1; lastKnownFileType = text.xcconfig; name = "Pods-GithubApp.debug.xcconfig"; path = "Target Support Files/Pods-GithubApp/Pods-GithubApp.debug.xcconfig"; sourceTree = "<group>"; };
/* End PBXFileReference section */

/* Begin PBXFrameworksBuildPhase section */
		8213F00C27339FD300125B4C /* Frameworks */ = {
			isa = PBXFrameworksBuildPhase;
			buildActionMask = 2147483647;
			files = (
				E0A7BBF840306E38D32C11D2 /* Pods_GithubApp.framework in Frameworks */,
			);
			runOnlyForDeploymentPostprocessing = 0;
		};
/* End PBXFrameworksBuildPhase section */

/* Begin PBXGroup section */
		0EA6F6E6F13CB2EC0ABC2B00 /* Frameworks */ = {
			isa = PBXGroup;
			children = (
				698E803A8C7671CECEE4C58F /* Pods_GithubApp.framework */,
			);
			name = Frameworks;
			sourceTree = "<group>";
		};
		19902D66D76F1CBA5F66E613 /* Pods */ = {
			isa = PBXGroup;
			children = (
				F368AB1849E3286C511066A6 /* Pods-GithubApp.debug.xcconfig */,
				6E79753AA477E06C7D856136 /* Pods-GithubApp.release.xcconfig */,
			);
			path = Pods;
			sourceTree = "<group>";
		};
		8213F00627339FD300125B4C = {
			isa = PBXGroup;
			children = (
				8213F01127339FD300125B4C /* GithubApp */,
				8213F01027339FD300125B4C /* Products */,
				19902D66D76F1CBA5F66E613 /* Pods */,
				0EA6F6E6F13CB2EC0ABC2B00 /* Frameworks */,
			);
			sourceTree = "<group>";
		};
		8213F01027339FD300125B4C /* Products */ = {
			isa = PBXGroup;
			children = (
				8213F00F27339FD300125B4C /* GithubApp.app */,
			);
			name = Products;
			sourceTree = "<group>";
		};
		8213F01127339FD300125B4C /* GithubApp */ = {
			isa = PBXGroup;
			children = (
				82ACC6592736504F00AAE27A /* ViewModel */,
				8290469C2735138E005FD0AB /* App */,
				8290469B2735136F005FD0AB /* ViewController */,
				829046922734F002005FD0AB /* View */,
				8290468B2734E51C005FD0AB /* Repository */,
				8281BA8027341555006D68C5 /* Service */,
				8281BA7B27341524006D68C5 /* Model */,
				8213F01B27339FD500125B4C /* Assets.xcassets */,
				8213F02027339FD500125B4C /* Info.plist */,
				829046992734FCF3005FD0AB /* bbabba.storyboard */,
			);
			path = GithubApp;
			sourceTree = "<group>";
		};
		8281BA7B27341524006D68C5 /* Model */ = {
			isa = PBXGroup;
			children = (
				8281BA7C27341524006D68C5 /* OwnerModel.swift */,
				8281BA7D27341524006D68C5 /* RepositoriesModel.swift */,
				829046902734EA11005FD0AB /* SearchResult.swift.swift */,
				82ACC65727363C3700AAE27A /* RepositorySectionModel.swift */,
			);
			path = Model;
			sourceTree = "<group>";
		};
		8281BA8027341555006D68C5 /* Service */ = {
			isa = PBXGroup;
			children = (
				8281BA8227341572006D68C5 /* APIServiceType.swift */,
				8281BA842734171C006D68C5 /* Paths.swift */,
				8281BA862734184D006D68C5 /* APIService.swift */,
				8281BA882734189B006D68C5 /* Endpoint.swift */,
			);
			path = Service;
			sourceTree = "<group>";
		};
		8290468B2734E51C005FD0AB /* Repository */ = {
			isa = PBXGroup;
			children = (
				8290468C2734E584005FD0AB /* RepositoryLayerType.swift */,
				8290468E2734E60D005FD0AB /* RepositoryLayer.swift */,
			);
			path = Repository;
			sourceTree = "<group>";
		};
		829046922734F002005FD0AB /* View */ = {
			isa = PBXGroup;
			children = (
				829046932734F015005FD0AB /* ViewDrawManager.swift */,
				829046952734F08E005FD0AB /* RepositoryListViewControllerManager.swift */,
				829287662735A89A00DA4077 /* ViewRatio.swift */,
				829287682735B41200DA4077 /* RepositoryListCell.swift */,
			);
			path = View;
			sourceTree = "<group>";
		};
		8290469B2735136F005FD0AB /* ViewController */ = {
			isa = PBXGroup;
			children = (
				8213F01627339FD300125B4C /* RepositoryListViewController.swift */,
				8290469D273513DB005FD0AB /* MainTabBarController.swift */,
				8290469F27351A56005FD0AB /* LoginViewController.swift */,
			);
			path = ViewController;
			sourceTree = "<group>";
		};
		8290469C2735138E005FD0AB /* App */ = {
			isa = PBXGroup;
			children = (
				8213F01227339FD300125B4C /* AppDelegate.swift */,
				8213F01427339FD300125B4C /* SceneDelegate.swift */,
			);
			path = App;
			sourceTree = "<group>";
		};
		82ACC6592736504F00AAE27A /* ViewModel */ = {
			isa = PBXGroup;
			children = (
				82ACC65A2736506800AAE27A /* RepositoryListViewModel.swift */,
			);
			path = ViewModel;
			sourceTree = "<group>";
		};
/* End PBXGroup section */

/* Begin PBXNativeTarget section */
		8213F00E27339FD300125B4C /* GithubApp */ = {
			isa = PBXNativeTarget;
			buildConfigurationList = 8213F02327339FD500125B4C /* Build configuration list for PBXNativeTarget "GithubApp" */;
			buildPhases = (
				946A32EA4E25C7FE07BB3C94 /* [CP] Check Pods Manifest.lock */,
				8213F00B27339FD300125B4C /* Sources */,
				8213F00C27339FD300125B4C /* Frameworks */,
				8213F00D27339FD300125B4C /* Resources */,
				CD6AAFD2244B64129A891187 /* [CP] Embed Pods Frameworks */,
			);
			buildRules = (
			);
			dependencies = (
			);
			name = GithubApp;
			productName = GithubApp;
			productReference = 8213F00F27339FD300125B4C /* GithubApp.app */;
			productType = "com.apple.product-type.application";
		};
/* End PBXNativeTarget section */

/* Begin PBXProject section */
		8213F00727339FD300125B4C /* Project object */ = {
			isa = PBXProject;
			attributes = {
				BuildIndependentTargetsInParallel = 1;
				LastSwiftUpdateCheck = 1310;
				LastUpgradeCheck = 1310;
				TargetAttributes = {
					8213F00E27339FD300125B4C = {
						CreatedOnToolsVersion = 13.1;
					};
				};
			};
			buildConfigurationList = 8213F00A27339FD300125B4C /* Build configuration list for PBXProject "GithubApp" */;
			compatibilityVersion = "Xcode 13.0";
			developmentRegion = en;
			hasScannedForEncodings = 0;
			knownRegions = (
				en,
				Base,
			);
			mainGroup = 8213F00627339FD300125B4C;
			productRefGroup = 8213F01027339FD300125B4C /* Products */;
			projectDirPath = "";
			projectRoot = "";
			targets = (
				8213F00E27339FD300125B4C /* GithubApp */,
			);
		};
/* End PBXProject section */

/* Begin PBXResourcesBuildPhase section */
		8213F00D27339FD300125B4C /* Resources */ = {
			isa = PBXResourcesBuildPhase;
			buildActionMask = 2147483647;
			files = (
				8290469A2734FCF3005FD0AB /* bbabba.storyboard in Resources */,
				8213F01C27339FD500125B4C /* Assets.xcassets in Resources */,
			);
			runOnlyForDeploymentPostprocessing = 0;
		};
/* End PBXResourcesBuildPhase section */

/* Begin PBXShellScriptBuildPhase section */
		946A32EA4E25C7FE07BB3C94 /* [CP] Check Pods Manifest.lock */ = {
			isa = PBXShellScriptBuildPhase;
			buildActionMask = 2147483647;
			files = (
			);
			inputFileListPaths = (
			);
			inputPaths = (
				"${PODS_PODFILE_DIR_PATH}/Podfile.lock",
				"${PODS_ROOT}/Manifest.lock",
			);
			name = "[CP] Check Pods Manifest.lock";
			outputFileListPaths = (
			);
			outputPaths = (
				"$(DERIVED_FILE_DIR)/Pods-GithubApp-checkManifestLockResult.txt",
			);
			runOnlyForDeploymentPostprocessing = 0;
			shellPath = /bin/sh;
			shellScript = "diff \"${PODS_PODFILE_DIR_PATH}/Podfile.lock\" \"${PODS_ROOT}/Manifest.lock\" > /dev/null\nif [ $? != 0 ] ; then\n    # print error to STDERR\n    echo \"error: The sandbox is not in sync with the Podfile.lock. Run 'pod install' or update your CocoaPods installation.\" >&2\n    exit 1\nfi\n# This output is used by Xcode 'outputs' to avoid re-running this script phase.\necho \"SUCCESS\" > \"${SCRIPT_OUTPUT_FILE_0}\"\n";
			showEnvVarsInLog = 0;
		};
		CD6AAFD2244B64129A891187 /* [CP] Embed Pods Frameworks */ = {
			isa = PBXShellScriptBuildPhase;
			buildActionMask = 2147483647;
			files = (
			);
			inputFileListPaths = (
				"${PODS_ROOT}/Target Support Files/Pods-GithubApp/Pods-GithubApp-frameworks-${CONFIGURATION}-input-files.xcfilelist",
			);
			name = "[CP] Embed Pods Frameworks";
			outputFileListPaths = (
				"${PODS_ROOT}/Target Support Files/Pods-GithubApp/Pods-GithubApp-frameworks-${CONFIGURATION}-output-files.xcfilelist",
			);
			runOnlyForDeploymentPostprocessing = 0;
			shellPath = /bin/sh;
			shellScript = "\"${PODS_ROOT}/Target Support Files/Pods-GithubApp/Pods-GithubApp-frameworks.sh\"\n";
			showEnvVarsInLog = 0;
		};
/* End PBXShellScriptBuildPhase section */

/* Begin PBXSourcesBuildPhase section */
		8213F00B27339FD300125B4C /* Sources */ = {
			isa = PBXSourcesBuildPhase;
			buildActionMask = 2147483647;
			files = (
				829046962734F08E005FD0AB /* RepositoryListViewControllerManager.swift in Sources */,
				8213F01727339FD300125B4C /* RepositoryListViewController.swift in Sources */,
				8290468D2734E584005FD0AB /* RepositoryLayerType.swift in Sources */,
				82ACC65827363C3700AAE27A /* RepositorySectionModel.swift in Sources */,
				82ACC65B2736506800AAE27A /* RepositoryListViewModel.swift in Sources */,
				8281BA8327341572006D68C5 /* APIServiceType.swift in Sources */,
				8281BA7E27341524006D68C5 /* OwnerModel.swift in Sources */,
				8213F01327339FD300125B4C /* AppDelegate.swift in Sources */,
				8290468F2734E60D005FD0AB /* RepositoryLayer.swift in Sources */,
				8281BA892734189B006D68C5 /* Endpoint.swift in Sources */,
				829046912734EA11005FD0AB /* SearchResult.swift.swift in Sources */,
				829287692735B41200DA4077 /* RepositoryListCell.swift in Sources */,
				8213F01527339FD300125B4C /* SceneDelegate.swift in Sources */,
				829046942734F015005FD0AB /* ViewDrawManager.swift in Sources */,
				8281BA852734171C006D68C5 /* Paths.swift in Sources */,
				829046A027351A56005FD0AB /* LoginViewController.swift in Sources */,
				8290469E273513DB005FD0AB /* MainTabBarController.swift in Sources */,
				8281BA872734184D006D68C5 /* APIService.swift in Sources */,
				829287672735A89A00DA4077 /* ViewRatio.swift in Sources */,
				8281BA7F27341524006D68C5 /* RepositoriesModel.swift in Sources */,
			);
			runOnlyForDeploymentPostprocessing = 0;
		};
/* End PBXSourcesBuildPhase section */

/* Begin XCBuildConfiguration section */
		8213F02127339FD500125B4C /* Debug */ = {
			isa = XCBuildConfiguration;
			buildSettings = {
				ALWAYS_SEARCH_USER_PATHS = NO;
				CLANG_ANALYZER_NONNULL = YES;
				CLANG_ANALYZER_NUMBER_OBJECT_CONVERSION = YES_AGGRESSIVE;
				CLANG_CXX_LANGUAGE_STANDARD = "gnu++17";
				CLANG_CXX_LIBRARY = "libc++";
				CLANG_ENABLE_MODULES = YES;
				CLANG_ENABLE_OBJC_ARC = YES;
				CLANG_ENABLE_OBJC_WEAK = YES;
				CLANG_WARN_BLOCK_CAPTURE_AUTORELEASING = YES;
				CLANG_WARN_BOOL_CONVERSION = YES;
				CLANG_WARN_COMMA = YES;
				CLANG_WARN_CONSTANT_CONVERSION = YES;
				CLANG_WARN_DEPRECATED_OBJC_IMPLEMENTATIONS = YES;
				CLANG_WARN_DIRECT_OBJC_ISA_USAGE = YES_ERROR;
				CLANG_WARN_DOCUMENTATION_COMMENTS = YES;
				CLANG_WARN_EMPTY_BODY = YES;
				CLANG_WARN_ENUM_CONVERSION = YES;
				CLANG_WARN_INFINITE_RECURSION = YES;
				CLANG_WARN_INT_CONVERSION = YES;
				CLANG_WARN_NON_LITERAL_NULL_CONVERSION = YES;
				CLANG_WARN_OBJC_IMPLICIT_RETAIN_SELF = YES;
				CLANG_WARN_OBJC_LITERAL_CONVERSION = YES;
				CLANG_WARN_OBJC_ROOT_CLASS = YES_ERROR;
				CLANG_WARN_QUOTED_INCLUDE_IN_FRAMEWORK_HEADER = YES;
				CLANG_WARN_RANGE_LOOP_ANALYSIS = YES;
				CLANG_WARN_STRICT_PROTOTYPES = YES;
				CLANG_WARN_SUSPICIOUS_MOVE = YES;
				CLANG_WARN_UNGUARDED_AVAILABILITY = YES_AGGRESSIVE;
				CLANG_WARN_UNREACHABLE_CODE = YES;
				CLANG_WARN__DUPLICATE_METHOD_MATCH = YES;
				COPY_PHASE_STRIP = NO;
				DEBUG_INFORMATION_FORMAT = dwarf;
				ENABLE_STRICT_OBJC_MSGSEND = YES;
				ENABLE_TESTABILITY = YES;
				GCC_C_LANGUAGE_STANDARD = gnu11;
				GCC_DYNAMIC_NO_PIC = NO;
				GCC_NO_COMMON_BLOCKS = YES;
				GCC_OPTIMIZATION_LEVEL = 0;
				GCC_PREPROCESSOR_DEFINITIONS = (
					"DEBUG=1",
					"$(inherited)",
				);
				GCC_WARN_64_TO_32_BIT_CONVERSION = YES;
				GCC_WARN_ABOUT_RETURN_TYPE = YES_ERROR;
				GCC_WARN_UNDECLARED_SELECTOR = YES;
				GCC_WARN_UNINITIALIZED_AUTOS = YES_AGGRESSIVE;
				GCC_WARN_UNUSED_FUNCTION = YES;
				GCC_WARN_UNUSED_VARIABLE = YES;
				IPHONEOS_DEPLOYMENT_TARGET = 15.0;
				MTL_ENABLE_DEBUG_INFO = INCLUDE_SOURCE;
				MTL_FAST_MATH = YES;
				ONLY_ACTIVE_ARCH = YES;
				SDKROOT = iphoneos;
				SWIFT_ACTIVE_COMPILATION_CONDITIONS = DEBUG;
				SWIFT_OPTIMIZATION_LEVEL = "-Onone";
			};
			name = Debug;
		};
		8213F02227339FD500125B4C /* Release */ = {
			isa = XCBuildConfiguration;
			buildSettings = {
				ALWAYS_SEARCH_USER_PATHS = NO;
				CLANG_ANALYZER_NONNULL = YES;
				CLANG_ANALYZER_NUMBER_OBJECT_CONVERSION = YES_AGGRESSIVE;
				CLANG_CXX_LANGUAGE_STANDARD = "gnu++17";
				CLANG_CXX_LIBRARY = "libc++";
				CLANG_ENABLE_MODULES = YES;
				CLANG_ENABLE_OBJC_ARC = YES;
				CLANG_ENABLE_OBJC_WEAK = YES;
				CLANG_WARN_BLOCK_CAPTURE_AUTORELEASING = YES;
				CLANG_WARN_BOOL_CONVERSION = YES;
				CLANG_WARN_COMMA = YES;
				CLANG_WARN_CONSTANT_CONVERSION = YES;
				CLANG_WARN_DEPRECATED_OBJC_IMPLEMENTATIONS = YES;
				CLANG_WARN_DIRECT_OBJC_ISA_USAGE = YES_ERROR;
				CLANG_WARN_DOCUMENTATION_COMMENTS = YES;
				CLANG_WARN_EMPTY_BODY = YES;
				CLANG_WARN_ENUM_CONVERSION = YES;
				CLANG_WARN_INFINITE_RECURSION = YES;
				CLANG_WARN_INT_CONVERSION = YES;
				CLANG_WARN_NON_LITERAL_NULL_CONVERSION = YES;
				CLANG_WARN_OBJC_IMPLICIT_RETAIN_SELF = YES;
				CLANG_WARN_OBJC_LITERAL_CONVERSION = YES;
				CLANG_WARN_OBJC_ROOT_CLASS = YES_ERROR;
				CLANG_WARN_QUOTED_INCLUDE_IN_FRAMEWORK_HEADER = YES;
				CLANG_WARN_RANGE_LOOP_ANALYSIS = YES;
				CLANG_WARN_STRICT_PROTOTYPES = YES;
				CLANG_WARN_SUSPICIOUS_MOVE = YES;
				CLANG_WARN_UNGUARDED_AVAILABILITY = YES_AGGRESSIVE;
				CLANG_WARN_UNREACHABLE_CODE = YES;
				CLANG_WARN__DUPLICATE_METHOD_MATCH = YES;
				COPY_PHASE_STRIP = NO;
				DEBUG_INFORMATION_FORMAT = "dwarf-with-dsym";
				ENABLE_NS_ASSERTIONS = NO;
				ENABLE_STRICT_OBJC_MSGSEND = YES;
				GCC_C_LANGUAGE_STANDARD = gnu11;
				GCC_NO_COMMON_BLOCKS = YES;
				GCC_WARN_64_TO_32_BIT_CONVERSION = YES;
				GCC_WARN_ABOUT_RETURN_TYPE = YES_ERROR;
				GCC_WARN_UNDECLARED_SELECTOR = YES;
				GCC_WARN_UNINITIALIZED_AUTOS = YES_AGGRESSIVE;
				GCC_WARN_UNUSED_FUNCTION = YES;
				GCC_WARN_UNUSED_VARIABLE = YES;
				IPHONEOS_DEPLOYMENT_TARGET = 15.0;
				MTL_ENABLE_DEBUG_INFO = NO;
				MTL_FAST_MATH = YES;
				SDKROOT = iphoneos;
				SWIFT_COMPILATION_MODE = wholemodule;
				SWIFT_OPTIMIZATION_LEVEL = "-O";
				VALIDATE_PRODUCT = YES;
			};
			name = Release;
		};
		8213F02427339FD500125B4C /* Debug */ = {
			isa = XCBuildConfiguration;
			baseConfigurationReference = F368AB1849E3286C511066A6 /* Pods-GithubApp.debug.xcconfig */;
			buildSettings = {
				ASSETCATALOG_COMPILER_APPICON_NAME = AppIcon;
				ASSETCATALOG_COMPILER_GLOBAL_ACCENT_COLOR_NAME = AccentColor;
				CODE_SIGN_STYLE = Automatic;
				CURRENT_PROJECT_VERSION = 1;
				DEVELOPMENT_TEAM = TA9B4FGCP9;
				GENERATE_INFOPLIST_FILE = YES;
				INFOPLIST_FILE = GithubApp/Info.plist;
				INFOPLIST_KEY_UIApplicationSupportsIndirectInputEvents = YES;
				INFOPLIST_KEY_UILaunchStoryboardName = LaunchScreen;
				INFOPLIST_KEY_UISupportedInterfaceOrientations_iPad = "UIInterfaceOrientationPortrait UIInterfaceOrientationPortraitUpsideDown UIInterfaceOrientationLandscapeLeft UIInterfaceOrientationLandscapeRight";
				INFOPLIST_KEY_UISupportedInterfaceOrientations_iPhone = "UIInterfaceOrientationPortrait UIInterfaceOrientationLandscapeLeft UIInterfaceOrientationLandscapeRight";
				LD_RUNPATH_SEARCH_PATHS = (
					"$(inherited)",
					"@executable_path/Frameworks",
				);
				MARKETING_VERSION = 1.0;
				PRODUCT_BUNDLE_IDENTIFIER = jhPark.GithubApp;
				PRODUCT_NAME = "$(TARGET_NAME)";
				SWIFT_EMIT_LOC_STRINGS = YES;
				SWIFT_VERSION = 5.0;
				TARGETED_DEVICE_FAMILY = "1,2";
			};
			name = Debug;
		};
		8213F02527339FD500125B4C /* Release */ = {
			isa = XCBuildConfiguration;
			baseConfigurationReference = 6E79753AA477E06C7D856136 /* Pods-GithubApp.release.xcconfig */;
			buildSettings = {
				ASSETCATALOG_COMPILER_APPICON_NAME = AppIcon;
				ASSETCATALOG_COMPILER_GLOBAL_ACCENT_COLOR_NAME = AccentColor;
				CODE_SIGN_STYLE = Automatic;
				CURRENT_PROJECT_VERSION = 1;
				DEVELOPMENT_TEAM = TA9B4FGCP9;
				GENERATE_INFOPLIST_FILE = YES;
				INFOPLIST_FILE = GithubApp/Info.plist;
				INFOPLIST_KEY_UIApplicationSupportsIndirectInputEvents = YES;
				INFOPLIST_KEY_UILaunchStoryboardName = LaunchScreen;
				INFOPLIST_KEY_UISupportedInterfaceOrientations_iPad = "UIInterfaceOrientationPortrait UIInterfaceOrientationPortraitUpsideDown UIInterfaceOrientationLandscapeLeft UIInterfaceOrientationLandscapeRight";
				INFOPLIST_KEY_UISupportedInterfaceOrientations_iPhone = "UIInterfaceOrientationPortrait UIInterfaceOrientationLandscapeLeft UIInterfaceOrientationLandscapeRight";
				LD_RUNPATH_SEARCH_PATHS = (
					"$(inherited)",
					"@executable_path/Frameworks",
				);
				MARKETING_VERSION = 1.0;
				PRODUCT_BUNDLE_IDENTIFIER = jhPark.GithubApp;
				PRODUCT_NAME = "$(TARGET_NAME)";
				SWIFT_EMIT_LOC_STRINGS = YES;
				SWIFT_VERSION = 5.0;
				TARGETED_DEVICE_FAMILY = "1,2";
			};
			name = Release;
		};
/* End XCBuildConfiguration section */

/* Begin XCConfigurationList section */
		8213F00A27339FD300125B4C /* Build configuration list for PBXProject "GithubApp" */ = {
			isa = XCConfigurationList;
			buildConfigurations = (
				8213F02127339FD500125B4C /* Debug */,
				8213F02227339FD500125B4C /* Release */,
			);
			defaultConfigurationIsVisible = 0;
			defaultConfigurationName = Release;
		};
		8213F02327339FD500125B4C /* Build configuration list for PBXNativeTarget "GithubApp" */ = {
			isa = XCConfigurationList;
			buildConfigurations = (
				8213F02427339FD500125B4C /* Debug */,
				8213F02527339FD500125B4C /* Release */,
			);
			defaultConfigurationIsVisible = 0;
			defaultConfigurationName = Release;
		};
/* End XCConfigurationList section */
	};
	rootObject = 8213F00727339FD300125B4C /* Project object */;
}
